
Microsoft Visual Studio Solution File, Format Version 12.00
# Visual Studio 2015
Project("{FAE04EC0-301F-11D3-BF4B-00C04F79EFBC}") = "20160523_Shooter_FMOD.CSharp.Plugins", "20160523_Shooter_FMOD.CSharp.Plugins.csproj", "{38C478E1-9510-9638-B4AD-FC32D5DF0125}"
EndProject
Project("{FAE04EC0-301F-11D3-BF4B-00C04F79EFBC}") = "20160523_Shooter_FMOD.CSharp", "20160523_Shooter_FMOD.CSharp.csproj", "{7A669E32-BBD2-43C5-8DA8-019A4080CBE2}"
EndProject
Project("{FAE04EC0-301F-11D3-BF4B-00C04F79EFBC}") = "20160523_Shooter_FMOD.CSharp.Editor.Plugins", "20160523_Shooter_FMOD.CSharp.Editor.Plugins.csproj", "{7A93B919-5045-B066-59AF-07C86EFB5E3D}"
EndProject
Project("{FAE04EC0-301F-11D3-BF4B-00C04F79EFBC}") = "20160523_Shooter_FMOD.CSharp.Editor", "20160523_Shooter_FMOD.CSharp.Editor.csproj", "{B214DC8F-6AEB-F268-8C5C-047D2FC1D186}"
EndProject
Global
	GlobalSection(SolutionConfigurationPlatforms) = preSolution
		Debug|Any CPU = Debug|Any CPU
		Release|Any CPU = Release|Any CPU
	EndGlobalSection
	GlobalSection(ProjectConfigurationPlatforms) = postSolution
		{38C478E1-9510-9638-B4AD-FC32D5DF0125}.Debug|Any CPU.ActiveCfg = Debug|Any CPU
		{38C478E1-9510-9638-B4AD-FC32D5DF0125}.Debug|Any CPU.Build.0 = Debug|Any CPU
		{38C478E1-9510-9638-B4AD-FC32D5DF0125}.Release|Any CPU.ActiveCfg = Release|Any CPU
		{38C478E1-9510-9638-B4AD-FC32D5DF0125}.Release|Any CPU.Build.0 = Release|Any CPU
		{7A669E32-BBD2-43C5-8DA8-019A4080CBE2}.Debug|Any CPU.ActiveCfg = Debug|Any CPU
		{7A669E32-BBD2-43C5-8DA8-019A4080CBE2}.Debug|Any CPU.Build.0 = Debug|Any CPU
		{7A669E32-BBD2-43C5-8DA8-019A4080CBE2}.Release|Any CPU.ActiveCfg = Release|Any CPU
		{7A669E32-BBD2-43C5-8DA8-019A4080CBE2}.Release|Any CPU.Build.0 = Release|Any CPU
		{7A93B919-5045-B066-59AF-07C86EFB5E3D}.Debug|Any CPU.ActiveCfg = Debug|Any CPU
		{7A93B919-5045-B066-59AF-07C86EFB5E3D}.Debug|Any CPU.Build.0 = Debug|Any CPU
		{7A93B919-5045-B066-59AF-07C86EFB5E3D}.Release|Any CPU.ActiveCfg = Release|Any CPU
		{7A93B919-5045-B066-59AF-07C86EFB5E3D}.Release|Any CPU.Build.0 = Release|Any CPU
		{B214DC8F-6AEB-F268-8C5C-047D2FC1D186}.Debug|Any CPU.ActiveCfg = Debug|Any CPU
		{B214DC8F-6AEB-F268-8C5C-047D2FC1D186}.Debug|Any CPU.Build.0 = Debug|Any CPU
		{B214DC8F-6AEB-F268-8C5C-047D2FC1D186}.Release|Any CPU.ActiveCfg = Release|Any CPU
		{B214DC8F-6AEB-F268-8C5C-047D2FC1D186}.Release|Any CPU.Build.0 = Release|Any CPU
	EndGlobalSection
	GlobalSection(SolutionProperties) = preSolution
		HideSolutionNode = FALSE
	EndGlobalSection
EndGlobal
