Microsoft Visual Studio Solution File, Format Version 11.00
# Visual Studio 2008

Project("{07312FB3-80DC-0E65-3B77-DDC9DFA05013}") = "Shooter", "Assembly-CSharp.csproj", "{A7FEC6DC-F79B-B98E-4C85-31DA3C9D3FFE}"
EndProject
Project("{07312FB3-80DC-0E65-3B77-DDC9DFA05013}") = "Shooter", "Assembly-CSharp-Editor.csproj", "{FF851E19-9CD7-2778-DB7D-F1866535E563}"
EndProject
Global
	GlobalSection(SolutionConfigurationPlatforms) = preSolution
		Debug|Any CPU = Debug|Any CPU
		Release|Any CPU = Release|Any CPU
	EndGlobalSection
	GlobalSection(ProjectConfigurationPlatforms) = postSolution
		{A7FEC6DC-F79B-B98E-4C85-31DA3C9D3FFE}.Debug|Any CPU.ActiveCfg = Debug|Any CPU
		{A7FEC6DC-F79B-B98E-4C85-31DA3C9D3FFE}.Debug|Any CPU.Build.0 = Debug|Any CPU
		{A7FEC6DC-F79B-B98E-4C85-31DA3C9D3FFE}.Release|Any CPU.ActiveCfg = Release|Any CPU
		{A7FEC6DC-F79B-B98E-4C85-31DA3C9D3FFE}.Release|Any CPU.Build.0 = Release|Any CPU
		{FF851E19-9CD7-2778-DB7D-F1866535E563}.Debug|Any CPU.ActiveCfg = Debug|Any CPU
		{FF851E19-9CD7-2778-DB7D-F1866535E563}.Debug|Any CPU.Build.0 = Debug|Any CPU
		{FF851E19-9CD7-2778-DB7D-F1866535E563}.Release|Any CPU.ActiveCfg = Release|Any CPU
		{FF851E19-9CD7-2778-DB7D-F1866535E563}.Release|Any CPU.Build.0 = Release|Any CPU
	EndGlobalSection
	GlobalSection(SolutionProperties) = preSolution
		HideSolutionNode = FALSE
	EndGlobalSection
	GlobalSection(MonoDevelopProperties) = preSolution
		StartupItem = Assembly-CSharp.csproj
	EndGlobalSection
EndGlobal
